{
  "name": "pocket-terminal",
  "version": "1.0.0",
  "lockfileVersion": 3,
  "requires": true,
  "packages": {
    "": {
      "name": "pocket-terminal",
      "version": "1.0.0",
      "dependencies": {
        "@anthropic-ai/claude-code": "latest",
        "@github/copilot": "latest",
        "@google/gemini-cli": "latest",
        "@vibe-kit/grok-cli": "^0.6.1",
        "cookie-parser": "^1.4.6",
        "dotenv": "^16.3.1",
        "express": "^4.21.2",
        "node-pty": "^1.0.0",
        "ws": "^8.16.0"
      },
      "devDependencies": {
        "vitest": "^1.6.1"
      },
      "engines": {
        "node": "22.x"
      }
    }
  }
}